// !$*UTF8*$!
{
	archiveVersion = 1;
	classes = {
	};
	objectVersion = 46;
	objects = {

/* Begin PBXBuildFile section */
		F31BAAC41C11F09A0079C537 /* Goal.xcdatamodeld in Sources */ = {isa = PBXBuildFile; fileRef = F31BAAC21C11F09A0079C537 /* Goal.xcdatamodeld */; };
		F31BAAC61C11F1A10079C537 /* Goal.swift in Sources */ = {isa = PBXBuildFile; fileRef = F31BAAC51C11F1A10079C537 /* Goal.swift */; };
		F31BAAC81C11F1C80079C537 /* ManagedObject.swift in Sources */ = {isa = PBXBuildFile; fileRef = F31BAAC71C11F1C80079C537 /* ManagedObject.swift */; };
		F31BAACA1C11F2DF0079C537 /* CoreDataStack.swift in Sources */ = {isa = PBXBuildFile; fileRef = F31BAAC91C11F2DF0079C537 /* CoreDataStack.swift */; };
		F31BAACC1C11F32B0079C537 /* NSURL+Extensions.swift in Sources */ = {isa = PBXBuildFile; fileRef = F31BAACB1C11F32B0079C537 /* NSURL+Extensions.swift */; };
		F31BAACE1C11F4650079C537 /* UINavigationBar+Extensions.swift in Sources */ = {isa = PBXBuildFile; fileRef = F31BAACD1C11F4650079C537 /* UINavigationBar+Extensions.swift */; };
		F31BAAD01C11F5080079C537 /* DataRelatedProtocols.swift in Sources */ = {isa = PBXBuildFile; fileRef = F31BAACF1C11F5080079C537 /* DataRelatedProtocols.swift */; };
		F31BAAD21C12002B0079C537 /* FetchedResultsDataProvider.swift in Sources */ = {isa = PBXBuildFile; fileRef = F31BAAD11C12002B0079C537 /* FetchedResultsDataProvider.swift */; };
		F31BAAD41C1204020079C537 /* DataProvider.swift in Sources */ = {isa = PBXBuildFile; fileRef = F31BAAD31C1204020079C537 /* DataProvider.swift */; };
		F31BAAD61C1210B10079C537 /* TableViewDataSource.swift in Sources */ = {isa = PBXBuildFile; fileRef = F31BAAD51C1210B10079C537 /* TableViewDataSource.swift */; };
		F31BAAD91C1213D40079C537 /* AllGoalsTableViewCell.swift in Sources */ = {isa = PBXBuildFile; fileRef = F31BAAD71C1213D40079C537 /* AllGoalsTableViewCell.swift */; };
		F31BAADA1C1213D40079C537 /* AllGoalsTableViewCell.xib in Resources */ = {isa = PBXBuildFile; fileRef = F31BAAD81C1213D40079C537 /* AllGoalsTableViewCell.xib */; };
		F31BAADC1C121A2B0079C537 /* NSManagedObjectContext+Extensions.swift in Sources */ = {isa = PBXBuildFile; fileRef = F31BAADB1C121A2B0079C537 /* NSManagedObjectContext+Extensions.swift */; };
		F31BAADE1C1224730079C537 /* TableViewDelegate.swift in Sources */ = {isa = PBXBuildFile; fileRef = F31BAADD1C1224730079C537 /* TableViewDelegate.swift */; };
		F31BAAE11C12415C0079C537 /* GoalDetailsViewController.swift in Sources */ = {isa = PBXBuildFile; fileRef = F31BAADF1C12415C0079C537 /* GoalDetailsViewController.swift */; };
		F31BAAE21C12415C0079C537 /* GoalDetailsViewController.xib in Resources */ = {isa = PBXBuildFile; fileRef = F31BAAE01C12415C0079C537 /* GoalDetailsViewController.xib */; };
		F32C94001C1A036000103212 /* DZNEmptyDataSet.framework in Frameworks */ = {isa = PBXBuildFile; fileRef = F32C93FF1C1A036000103212 /* DZNEmptyDataSet.framework */; };
		F32C94011C1A04E600103212 /* DZNEmptyDataSet.framework in CopyFiles */ = {isa = PBXBuildFile; fileRef = F32C93FF1C1A036000103212 /* DZNEmptyDataSet.framework */; settings = {ATTRIBUTES = (CodeSignOnCopy, RemoveHeadersOnCopy, ); }; };
		F32C94031C1A061500103212 /* UITableView+Extensions.swift in Sources */ = {isa = PBXBuildFile; fileRef = F32C94021C1A061500103212 /* UITableView+Extensions.swift */; };
		F32C94CB1C1A1BB600103212 /* UIStoryboard+Extensions.swift in Sources */ = {isa = PBXBuildFile; fileRef = F32C94CA1C1A1BB600103212 /* UIStoryboard+Extensions.swift */; };
		F3493B9B1C18A4DF000A69C0 /* TodayTableViewCell.swift in Sources */ = {isa = PBXBuildFile; fileRef = F3493B991C18A4DF000A69C0 /* TodayTableViewCell.swift */; };
		F3493B9C1C18A4DF000A69C0 /* TodayTableViewCell.xib in Resources */ = {isa = PBXBuildFile; fileRef = F3493B9A1C18A4DF000A69C0 /* TodayTableViewCell.xib */; };
		F3493B9F1C18A4F2000A69C0 /* TomorrowTableViewCell.swift in Sources */ = {isa = PBXBuildFile; fileRef = F3493B9D1C18A4F2000A69C0 /* TomorrowTableViewCell.swift */; };
		F3493BA01C18A4F2000A69C0 /* TomorrowTableViewCell.xib in Resources */ = {isa = PBXBuildFile; fileRef = F3493B9E1C18A4F2000A69C0 /* TomorrowTableViewCell.xib */; };
		F3536E1C1C12520E003A114E /* Assets.xcassets in Resources */ = {isa = PBXBuildFile; fileRef = F3536E1B1C12520E003A114E /* Assets.xcassets */; };
		F3536E211C127446003A114E /* Fabric.framework in Frameworks */ = {isa = PBXBuildFile; fileRef = F3536E1F1C127446003A114E /* Fabric.framework */; };
		F3536E221C127446003A114E /* Crashlytics.framework in Frameworks */ = {isa = PBXBuildFile; fileRef = F3536E201C127446003A114E /* Crashlytics.framework */; };
		F3536E671C13A56A003A114E /* TPKeyboardAvoidingCollectionView.m in Sources */ = {isa = PBXBuildFile; fileRef = F3536E601C13A56A003A114E /* TPKeyboardAvoidingCollectionView.m */; };
		F3536E681C13A56A003A114E /* TPKeyboardAvoidingScrollView.m in Sources */ = {isa = PBXBuildFile; fileRef = F3536E621C13A56A003A114E /* TPKeyboardAvoidingScrollView.m */; };
		F3536E691C13A56A003A114E /* TPKeyboardAvoidingTableView.m in Sources */ = {isa = PBXBuildFile; fileRef = F3536E641C13A56A003A114E /* TPKeyboardAvoidingTableView.m */; };
		F3536E6A1C13A56A003A114E /* UIScrollView+TPKeyboardAvoidingAdditions.m in Sources */ = {isa = PBXBuildFile; fileRef = F3536E661C13A56A003A114E /* UIScrollView+TPKeyboardAvoidingAdditions.m */; };
		F3536E6F1C13A69F003A114E /* JVFloatLabeledText.framework in Frameworks */ = {isa = PBXBuildFile; fileRef = F3536E6E1C13A69F003A114E /* JVFloatLabeledText.framework */; };
		F3536E711C13A6D4003A114E /* JVFloatLabeledText.framework in CopyFiles */ = {isa = PBXBuildFile; fileRef = F3536E6E1C13A69F003A114E /* JVFloatLabeledText.framework */; settings = {ATTRIBUTES = (CodeSignOnCopy, RemoveHeadersOnCopy, ); }; };
		F3536E741C13BCA2003A114E /* SubgoalsTableViewCell.swift in Sources */ = {isa = PBXBuildFile; fileRef = F3536E721C13BCA2003A114E /* SubgoalsTableViewCell.swift */; };
		F3536E751C13BCA2003A114E /* SubgoalsTableViewCell.xib in Resources */ = {isa = PBXBuildFile; fileRef = F3536E731C13BCA2003A114E /* SubgoalsTableViewCell.xib */; };
		F3536E7A1C14FA8F003A114E /* ManagedObjectObserver.swift in Sources */ = {isa = PBXBuildFile; fileRef = F3536E791C14FA8F003A114E /* ManagedObjectObserver.swift */; };
		F3536E7C1C14FC63003A114E /* NSManagedObjectContext+Observers.swift in Sources */ = {isa = PBXBuildFile; fileRef = F3536E7B1C14FC63003A114E /* NSManagedObjectContext+Observers.swift */; };
		F3536E7E1C14FC9C003A114E /* Utilities.swift in Sources */ = {isa = PBXBuildFile; fileRef = F3536E7D1C14FC9C003A114E /* Utilities.swift */; };
		F3536E851C1619F5003A114E /* MonthSelectorViewController.swift in Sources */ = {isa = PBXBuildFile; fileRef = F3536E841C1619F5003A114E /* MonthSelectorViewController.swift */; };
		F3536E871C163491003A114E /* MonthSelectorMonthView.swift in Sources */ = {isa = PBXBuildFile; fileRef = F3536E861C163491003A114E /* MonthSelectorMonthView.swift */; };
		F3536E8A1C1637D3003A114E /* ProjectEnums.swift in Sources */ = {isa = PBXBuildFile; fileRef = F3536E891C1637D3003A114E /* ProjectEnums.swift */; };
		F3536E8C1C1652A9003A114E /* CollectionViewDataSource.swift in Sources */ = {isa = PBXBuildFile; fileRef = F3536E8B1C1652A9003A114E /* CollectionViewDataSource.swift */; };
		F3536E8E1C174443003A114E /* ParentGoalsFetchRequestProvider.swift in Sources */ = {isa = PBXBuildFile; fileRef = F3536E8D1C174443003A114E /* ParentGoalsFetchRequestProvider.swift */; };
		F3536E901C1746B7003A114E /* ParentGoalsDataProvider.swift in Sources */ = {isa = PBXBuildFile; fileRef = F3536E8F1C1746B7003A114E /* ParentGoalsDataProvider.swift */; };
		F3536E921C176CC1003A114E /* MonthGoalsViewController.swift in Sources */ = {isa = PBXBuildFile; fileRef = F3536E911C176CC1003A114E /* MonthGoalsViewController.swift */; };
		F386BC3D1C178D410099F39E /* MonthGoalsTableViewCell.swift in Sources */ = {isa = PBXBuildFile; fileRef = F386BC3B1C178D410099F39E /* MonthGoalsTableViewCell.swift */; };
		F386BC3E1C178D410099F39E /* MonthGoalsTableViewCell.xib in Resources */ = {isa = PBXBuildFile; fileRef = F386BC3C1C178D410099F39E /* MonthGoalsTableViewCell.xib */; };
		F386BC401C1790D60099F39E /* GoalPresenter.swift in Sources */ = {isa = PBXBuildFile; fileRef = F386BC3F1C1790D60099F39E /* GoalPresenter.swift */; };
		F393249F1C1E6F78009A525A /* GoalieTableViewCell.swift in Sources */ = {isa = PBXBuildFile; fileRef = F393249E1C1E6F78009A525A /* GoalieTableViewCell.swift */; };
		F3C84B7F1C18986300E7CD3B /* TodayViewController.swift in Sources */ = {isa = PBXBuildFile; fileRef = F3C84B7E1C18986300E7CD3B /* TodayViewController.swift */; };
		F3C84B811C18987E00E7CD3B /* TomorrowViewController.swift in Sources */ = {isa = PBXBuildFile; fileRef = F3C84B801C18987E00E7CD3B /* TomorrowViewController.swift */; };
		F3D461881C113221002F31A6 /* AppDelegate.swift in Sources */ = {isa = PBXBuildFile; fileRef = F3D461871C113221002F31A6 /* AppDelegate.swift */; };
		F3D4618A1C113221002F31A6 /* AllGoalsViewController.swift in Sources */ = {isa = PBXBuildFile; fileRef = F3D461891C113221002F31A6 /* AllGoalsViewController.swift */; };
		F3D4618C1C113221002F31A6 /* MonthsGridViewController.swift in Sources */ = {isa = PBXBuildFile; fileRef = F3D4618B1C113221002F31A6 /* MonthsGridViewController.swift */; };
		F3D4618F1C113221002F31A6 /* Main.storyboard in Resources */ = {isa = PBXBuildFile; fileRef = F3D4618D1C113221002F31A6 /* Main.storyboard */; };
		F3D461941C113221002F31A6 /* LaunchScreen.storyboard in Resources */ = {isa = PBXBuildFile; fileRef = F3D461921C113221002F31A6 /* LaunchScreen.storyboard */; };
		F3D4619F1C113221002F31A6 /* GoalieTests.swift in Sources */ = {isa = PBXBuildFile; fileRef = F3D4619E1C113221002F31A6 /* GoalieTests.swift */; };
		F3D461AA1C113698002F31A6 /* TodayTomorrowViewController.swift in Sources */ = {isa = PBXBuildFile; fileRef = F3D461A91C113698002F31A6 /* TodayTomorrowViewController.swift */; };
		F3D461AC1C113C39002F31A6 /* GoalieTabBarController.swift in Sources */ = {isa = PBXBuildFile; fileRef = F3D461AB1C113C39002F31A6 /* GoalieTabBarController.swift */; };
		F3D461AF1C113C69002F31A6 /* UIImage+Extensions.swift in Sources */ = {isa = PBXBuildFile; fileRef = F3D461AE1C113C69002F31A6 /* UIImage+Extensions.swift */; };
		F3D461B11C1144A1002F31A6 /* GoalieNavigationBar.swift in Sources */ = {isa = PBXBuildFile; fileRef = F3D461B01C1144A1002F31A6 /* GoalieNavigationBar.swift */; };
		F3D461B51C115259002F31A6 /* MonthCollectionViewCell.swift in Sources */ = {isa = PBXBuildFile; fileRef = F3D461B31C115259002F31A6 /* MonthCollectionViewCell.swift */; };
		F3D461B61C115259002F31A6 /* MonthCollectionViewCell.xib in Resources */ = {isa = PBXBuildFile; fileRef = F3D461B41C115259002F31A6 /* MonthCollectionViewCell.xib */; };
		F3D461BC1C116ABD002F31A6 /* ThemeConstants.swift in Sources */ = {isa = PBXBuildFile; fileRef = F3D461BB1C116ABD002F31A6 /* ThemeConstants.swift */; };
/* End PBXBuildFile section */

/* Begin PBXContainerItemProxy section */
		F3D4619B1C113221002F31A6 /* PBXContainerItemProxy */ = {
			isa = PBXContainerItemProxy;
			containerPortal = F3D4617C1C113221002F31A6 /* Project object */;
			proxyType = 1;
			remoteGlobalIDString = F3D461831C113221002F31A6;
			remoteInfo = Goalie;
		};
/* End PBXContainerItemProxy section */

/* Begin PBXCopyFilesBuildPhase section */
		F3536E701C13A6C7003A114E /* CopyFiles */ = {
			isa = PBXCopyFilesBuildPhase;
			buildActionMask = 2147483647;
			dstPath = "";
			dstSubfolderSpec = 10;
			files = (
				F3536E711C13A6D4003A114E /* JVFloatLabeledText.framework in CopyFiles */,
				F32C94011C1A04E600103212 /* DZNEmptyDataSet.framework in CopyFiles */,
			);
			runOnlyForDeploymentPostprocessing = 0;
		};
/* End PBXCopyFilesBuildPhase section */

/* Begin PBXFileReference section */
		F31BAAC31C11F09A0079C537 /* Goal.xcdatamodel */ = {isa = PBXFileReference; lastKnownFileType = wrapper.xcdatamodel; path = Goal.xcdatamodel; sourceTree = "<group>"; };
		F31BAAC51C11F1A10079C537 /* Goal.swift */ = {isa = PBXFileReference; fileEncoding = 4; lastKnownFileType = sourcecode.swift; name = Goal.swift; path = Goalie/Goal.swift; sourceTree = "<group>"; };
		F31BAAC71C11F1C80079C537 /* ManagedObject.swift */ = {isa = PBXFileReference; fileEncoding = 4; lastKnownFileType = sourcecode.swift; name = ManagedObject.swift; path = Goalie/ManagedObject.swift; sourceTree = "<group>"; };
		F31BAAC91C11F2DF0079C537 /* CoreDataStack.swift */ = {isa = PBXFileReference; fileEncoding = 4; lastKnownFileType = sourcecode.swift; name = CoreDataStack.swift; path = Goalie/CoreDataStack.swift; sourceTree = "<group>"; };
		F31BAACB1C11F32B0079C537 /* NSURL+Extensions.swift */ = {isa = PBXFileReference; fileEncoding = 4; lastKnownFileType = sourcecode.swift; name = "NSURL+Extensions.swift"; path = "Goalie/NSURL+Extensions.swift"; sourceTree = "<group>"; };
		F31BAACD1C11F4650079C537 /* UINavigationBar+Extensions.swift */ = {isa = PBXFileReference; fileEncoding = 4; lastKnownFileType = sourcecode.swift; name = "UINavigationBar+Extensions.swift"; path = "Goalie/UINavigationBar+Extensions.swift"; sourceTree = "<group>"; };
		F31BAACF1C11F5080079C537 /* DataRelatedProtocols.swift */ = {isa = PBXFileReference; fileEncoding = 4; lastKnownFileType = sourcecode.swift; name = DataRelatedProtocols.swift; path = Goalie/DataRelatedProtocols.swift; sourceTree = "<group>"; };
		F31BAAD11C12002B0079C537 /* FetchedResultsDataProvider.swift */ = {isa = PBXFileReference; fileEncoding = 4; lastKnownFileType = sourcecode.swift; name = FetchedResultsDataProvider.swift; path = Goalie/FetchedResultsDataProvider.swift; sourceTree = "<group>"; };
		F31BAAD31C1204020079C537 /* DataProvider.swift */ = {isa = PBXFileReference; fileEncoding = 4; lastKnownFileType = sourcecode.swift; name = DataProvider.swift; path = Goalie/DataProvider.swift; sourceTree = "<group>"; };
		F31BAAD51C1210B10079C537 /* TableViewDataSource.swift */ = {isa = PBXFileReference; fileEncoding = 4; lastKnownFileType = sourcecode.swift; name = TableViewDataSource.swift; path = Goalie/TableViewDataSource.swift; sourceTree = "<group>"; };
		F31BAAD71C1213D40079C537 /* AllGoalsTableViewCell.swift */ = {isa = PBXFileReference; fileEncoding = 4; lastKnownFileType = sourcecode.swift; name = AllGoalsTableViewCell.swift; path = Goalie/AllGoalsTableViewCell.swift; sourceTree = "<group>"; };
		F31BAAD81C1213D40079C537 /* AllGoalsTableViewCell.xib */ = {isa = PBXFileReference; fileEncoding = 4; lastKnownFileType = file.xib; name = AllGoalsTableViewCell.xib; path = Goalie/AllGoalsTableViewCell.xib; sourceTree = "<group>"; };
		F31BAADB1C121A2B0079C537 /* NSManagedObjectContext+Extensions.swift */ = {isa = PBXFileReference; fileEncoding = 4; lastKnownFileType = sourcecode.swift; name = "NSManagedObjectContext+Extensions.swift"; path = "Goalie/NSManagedObjectContext+Extensions.swift"; sourceTree = "<group>"; };
		F31BAADD1C1224730079C537 /* TableViewDelegate.swift */ = {isa = PBXFileReference; fileEncoding = 4; lastKnownFileType = sourcecode.swift; name = TableViewDelegate.swift; path = Goalie/TableViewDelegate.swift; sourceTree = "<group>"; };
		F31BAADF1C12415C0079C537 /* GoalDetailsViewController.swift */ = {isa = PBXFileReference; fileEncoding = 4; lastKnownFileType = sourcecode.swift; path = GoalDetailsViewController.swift; sourceTree = "<group>"; };
		F31BAAE01C12415C0079C537 /* GoalDetailsViewController.xib */ = {isa = PBXFileReference; fileEncoding = 4; lastKnownFileType = file.xib; name = GoalDetailsViewController.xib; path = Goalie/GoalDetailsViewController.xib; sourceTree = "<group>"; };
		F32C93FF1C1A036000103212 /* DZNEmptyDataSet.framework */ = {isa = PBXFileReference; lastKnownFileType = wrapper.framework; name = DZNEmptyDataSet.framework; path = Carthage/Build/iOS/DZNEmptyDataSet.framework; sourceTree = "<group>"; };
		F32C94021C1A061500103212 /* UITableView+Extensions.swift */ = {isa = PBXFileReference; fileEncoding = 4; lastKnownFileType = sourcecode.swift; name = "UITableView+Extensions.swift"; path = "Goalie/UITableView+Extensions.swift"; sourceTree = "<group>"; };
		F32C94CA1C1A1BB600103212 /* UIStoryboard+Extensions.swift */ = {isa = PBXFileReference; fileEncoding = 4; lastKnownFileType = sourcecode.swift; name = "UIStoryboard+Extensions.swift"; path = "Goalie/UIStoryboard+Extensions.swift"; sourceTree = "<group>"; };
		F3493B991C18A4DF000A69C0 /* TodayTableViewCell.swift */ = {isa = PBXFileReference; fileEncoding = 4; lastKnownFileType = sourcecode.swift; name = TodayTableViewCell.swift; path = Goalie/TodayTableViewCell.swift; sourceTree = "<group>"; };
		F3493B9A1C18A4DF000A69C0 /* TodayTableViewCell.xib */ = {isa = PBXFileReference; fileEncoding = 4; lastKnownFileType = file.xib; name = TodayTableViewCell.xib; path = Goalie/TodayTableViewCell.xib; sourceTree = "<group>"; };
		F3493B9D1C18A4F2000A69C0 /* TomorrowTableViewCell.swift */ = {isa = PBXFileReference; fileEncoding = 4; lastKnownFileType = sourcecode.swift; name = TomorrowTableViewCell.swift; path = Goalie/TomorrowTableViewCell.swift; sourceTree = "<group>"; };
		F3493B9E1C18A4F2000A69C0 /* TomorrowTableViewCell.xib */ = {isa = PBXFileReference; fileEncoding = 4; lastKnownFileType = file.xib; name = TomorrowTableViewCell.xib; path = Goalie/TomorrowTableViewCell.xib; sourceTree = "<group>"; };
		F3536E1B1C12520E003A114E /* Assets.xcassets */ = {isa = PBXFileReference; lastKnownFileType = folder.assetcatalog; path = Assets.xcassets; sourceTree = "<group>"; };
		F3536E1F1C127446003A114E /* Fabric.framework */ = {isa = PBXFileReference; lastKnownFileType = wrapper.framework; path = Fabric.framework; sourceTree = "<group>"; };
		F3536E201C127446003A114E /* Crashlytics.framework */ = {isa = PBXFileReference; lastKnownFileType = wrapper.framework; path = Crashlytics.framework; sourceTree = "<group>"; };
		F3536E5F1C13A56A003A114E /* TPKeyboardAvoidingCollectionView.h */ = {isa = PBXFileReference; fileEncoding = 4; lastKnownFileType = sourcecode.c.h; name = TPKeyboardAvoidingCollectionView.h; path = Goalie/TPKeyboardAvoidingCollectionView.h; sourceTree = "<group>"; };
		F3536E601C13A56A003A114E /* TPKeyboardAvoidingCollectionView.m */ = {isa = PBXFileReference; fileEncoding = 4; lastKnownFileType = sourcecode.c.objc; name = TPKeyboardAvoidingCollectionView.m; path = Goalie/TPKeyboardAvoidingCollectionView.m; sourceTree = "<group>"; };
		F3536E611C13A56A003A114E /* TPKeyboardAvoidingScrollView.h */ = {isa = PBXFileReference; fileEncoding = 4; lastKnownFileType = sourcecode.c.h; name = TPKeyboardAvoidingScrollView.h; path = Goalie/TPKeyboardAvoidingScrollView.h; sourceTree = "<group>"; };
		F3536E621C13A56A003A114E /* TPKeyboardAvoidingScrollView.m */ = {isa = PBXFileReference; fileEncoding = 4; lastKnownFileType = sourcecode.c.objc; name = TPKeyboardAvoidingScrollView.m; path = Goalie/TPKeyboardAvoidingScrollView.m; sourceTree = "<group>"; };
		F3536E631C13A56A003A114E /* TPKeyboardAvoidingTableView.h */ = {isa = PBXFileReference; fileEncoding = 4; lastKnownFileType = sourcecode.c.h; name = TPKeyboardAvoidingTableView.h; path = Goalie/TPKeyboardAvoidingTableView.h; sourceTree = "<group>"; };
		F3536E641C13A56A003A114E /* TPKeyboardAvoidingTableView.m */ = {isa = PBXFileReference; fileEncoding = 4; lastKnownFileType = sourcecode.c.objc; name = TPKeyboardAvoidingTableView.m; path = Goalie/TPKeyboardAvoidingTableView.m; sourceTree = "<group>"; };
		F3536E651C13A56A003A114E /* UIScrollView+TPKeyboardAvoidingAdditions.h */ = {isa = PBXFileReference; fileEncoding = 4; lastKnownFileType = sourcecode.c.h; name = "UIScrollView+TPKeyboardAvoidingAdditions.h"; path = "Goalie/UIScrollView+TPKeyboardAvoidingAdditions.h"; sourceTree = "<group>"; };
		F3536E661C13A56A003A114E /* UIScrollView+TPKeyboardAvoidingAdditions.m */ = {isa = PBXFileReference; fileEncoding = 4; lastKnownFileType = sourcecode.c.objc; name = "UIScrollView+TPKeyboardAvoidingAdditions.m"; path = "Goalie/UIScrollView+TPKeyboardAvoidingAdditions.m"; sourceTree = "<group>"; };
		F3536E6B1C13A57A003A114E /* Goalie-Bridging-Header.h */ = {isa = PBXFileReference; lastKnownFileType = sourcecode.c.h; name = "Goalie-Bridging-Header.h"; path = "Goalie/Goalie-Bridging-Header.h"; sourceTree = "<group>"; };
		F3536E6E1C13A69F003A114E /* JVFloatLabeledText.framework */ = {isa = PBXFileReference; lastKnownFileType = wrapper.framework; name = JVFloatLabeledText.framework; path = Carthage/Build/iOS/JVFloatLabeledText.framework; sourceTree = "<group>"; };
		F3536E721C13BCA2003A114E /* SubgoalsTableViewCell.swift */ = {isa = PBXFileReference; fileEncoding = 4; lastKnownFileType = sourcecode.swift; name = SubgoalsTableViewCell.swift; path = Goalie/SubgoalsTableViewCell.swift; sourceTree = "<group>"; };
		F3536E731C13BCA2003A114E /* SubgoalsTableViewCell.xib */ = {isa = PBXFileReference; fileEncoding = 4; lastKnownFileType = file.xib; name = SubgoalsTableViewCell.xib; path = Goalie/SubgoalsTableViewCell.xib; sourceTree = "<group>"; };
		F3536E791C14FA8F003A114E /* ManagedObjectObserver.swift */ = {isa = PBXFileReference; fileEncoding = 4; lastKnownFileType = sourcecode.swift; name = ManagedObjectObserver.swift; path = Goalie/ManagedObjectObserver.swift; sourceTree = "<group>"; };
		F3536E7B1C14FC63003A114E /* NSManagedObjectContext+Observers.swift */ = {isa = PBXFileReference; fileEncoding = 4; lastKnownFileType = sourcecode.swift; name = "NSManagedObjectContext+Observers.swift"; path = "Goalie/NSManagedObjectContext+Observers.swift"; sourceTree = "<group>"; };
		F3536E7D1C14FC9C003A114E /* Utilities.swift */ = {isa = PBXFileReference; fileEncoding = 4; lastKnownFileType = sourcecode.swift; name = Utilities.swift; path = Goalie/Utilities.swift; sourceTree = "<group>"; };
		F3536E841C1619F5003A114E /* MonthSelectorViewController.swift */ = {isa = PBXFileReference; fileEncoding = 4; lastKnownFileType = sourcecode.swift; path = MonthSelectorViewController.swift; sourceTree = "<group>"; };
		F3536E861C163491003A114E /* MonthSelectorMonthView.swift */ = {isa = PBXFileReference; fileEncoding = 4; lastKnownFileType = sourcecode.swift; name = MonthSelectorMonthView.swift; path = Goalie/MonthSelectorMonthView.swift; sourceTree = "<group>"; };
		F3536E891C1637D3003A114E /* ProjectEnums.swift */ = {isa = PBXFileReference; fileEncoding = 4; lastKnownFileType = sourcecode.swift; name = ProjectEnums.swift; path = Goalie/ProjectEnums.swift; sourceTree = "<group>"; };
		F3536E8B1C1652A9003A114E /* CollectionViewDataSource.swift */ = {isa = PBXFileReference; fileEncoding = 4; lastKnownFileType = sourcecode.swift; name = CollectionViewDataSource.swift; path = Goalie/CollectionViewDataSource.swift; sourceTree = "<group>"; };
		F3536E8D1C174443003A114E /* ParentGoalsFetchRequestProvider.swift */ = {isa = PBXFileReference; fileEncoding = 4; lastKnownFileType = sourcecode.swift; name = ParentGoalsFetchRequestProvider.swift; path = Goalie/ParentGoalsFetchRequestProvider.swift; sourceTree = "<group>"; };
		F3536E8F1C1746B7003A114E /* ParentGoalsDataProvider.swift */ = {isa = PBXFileReference; fileEncoding = 4; lastKnownFileType = sourcecode.swift; name = ParentGoalsDataProvider.swift; path = Goalie/ParentGoalsDataProvider.swift; sourceTree = "<group>"; };
		F3536E911C176CC1003A114E /* MonthGoalsViewController.swift */ = {isa = PBXFileReference; fileEncoding = 4; lastKnownFileType = sourcecode.swift; path = MonthGoalsViewController.swift; sourceTree = "<group>"; };
		F386BC3B1C178D410099F39E /* MonthGoalsTableViewCell.swift */ = {isa = PBXFileReference; fileEncoding = 4; lastKnownFileType = sourcecode.swift; name = MonthGoalsTableViewCell.swift; path = Goalie/MonthGoalsTableViewCell.swift; sourceTree = "<group>"; };
		F386BC3C1C178D410099F39E /* MonthGoalsTableViewCell.xib */ = {isa = PBXFileReference; fileEncoding = 4; lastKnownFileType = file.xib; name = MonthGoalsTableViewCell.xib; path = Goalie/MonthGoalsTableViewCell.xib; sourceTree = "<group>"; };
		F386BC3F1C1790D60099F39E /* GoalPresenter.swift */ = {isa = PBXFileReference; fileEncoding = 4; lastKnownFileType = sourcecode.swift; path = GoalPresenter.swift; sourceTree = "<group>"; };
		F393249E1C1E6F78009A525A /* GoalieTableViewCell.swift */ = {isa = PBXFileReference; fileEncoding = 4; lastKnownFileType = sourcecode.swift; name = GoalieTableViewCell.swift; path = Goalie/GoalieTableViewCell.swift; sourceTree = "<group>"; };
		F3C84B7E1C18986300E7CD3B /* TodayViewController.swift */ = {isa = PBXFileReference; fileEncoding = 4; lastKnownFileType = sourcecode.swift; path = TodayViewController.swift; sourceTree = "<group>"; };
		F3C84B801C18987E00E7CD3B /* TomorrowViewController.swift */ = {isa = PBXFileReference; fileEncoding = 4; lastKnownFileType = sourcecode.swift; path = TomorrowViewController.swift; sourceTree = "<group>"; };
		F3D461841C113221002F31A6 /* Goalie.app */ = {isa = PBXFileReference; explicitFileType = wrapper.application; includeInIndex = 0; path = Goalie.app; sourceTree = BUILT_PRODUCTS_DIR; };
		F3D461871C113221002F31A6 /* AppDelegate.swift */ = {isa = PBXFileReference; lastKnownFileType = sourcecode.swift; name = AppDelegate.swift; path = Goalie/AppDelegate.swift; sourceTree = "<group>"; };
		F3D461891C113221002F31A6 /* AllGoalsViewController.swift */ = {isa = PBXFileReference; lastKnownFileType = sourcecode.swift; path = AllGoalsViewController.swift; sourceTree = "<group>"; };
		F3D4618B1C113221002F31A6 /* MonthsGridViewController.swift */ = {isa = PBXFileReference; lastKnownFileType = sourcecode.swift; path = MonthsGridViewController.swift; sourceTree = "<group>"; };
		F3D4618E1C113221002F31A6 /* Base */ = {isa = PBXFileReference; lastKnownFileType = file.storyboard; name = Base; path = Base.lproj/Main.storyboard; sourceTree = "<group>"; };
		F3D461931C113221002F31A6 /* Base */ = {isa = PBXFileReference; lastKnownFileType = file.storyboard; name = Base; path = Base.lproj/LaunchScreen.storyboard; sourceTree = "<group>"; };
		F3D461951C113221002F31A6 /* Info.plist */ = {isa = PBXFileReference; lastKnownFileType = text.plist.xml; name = Info.plist; path = Goalie/Info.plist; sourceTree = "<group>"; };
		F3D4619A1C113221002F31A6 /* GoalieTests.xctest */ = {isa = PBXFileReference; explicitFileType = wrapper.cfbundle; includeInIndex = 0; path = GoalieTests.xctest; sourceTree = BUILT_PRODUCTS_DIR; };
		F3D4619E1C113221002F31A6 /* GoalieTests.swift */ = {isa = PBXFileReference; lastKnownFileType = sourcecode.swift; path = GoalieTests.swift; sourceTree = "<group>"; };
		F3D461A01C113221002F31A6 /* Info.plist */ = {isa = PBXFileReference; lastKnownFileType = text.plist.xml; path = Info.plist; sourceTree = "<group>"; };
		F3D461A91C113698002F31A6 /* TodayTomorrowViewController.swift */ = {isa = PBXFileReference; fileEncoding = 4; lastKnownFileType = sourcecode.swift; path = TodayTomorrowViewController.swift; sourceTree = "<group>"; };
		F3D461AB1C113C39002F31A6 /* GoalieTabBarController.swift */ = {isa = PBXFileReference; fileEncoding = 4; lastKnownFileType = sourcecode.swift; name = GoalieTabBarController.swift; path = Goalie/GoalieTabBarController.swift; sourceTree = "<group>"; };
		F3D461AE1C113C69002F31A6 /* UIImage+Extensions.swift */ = {isa = PBXFileReference; fileEncoding = 4; lastKnownFileType = sourcecode.swift; name = "UIImage+Extensions.swift"; path = "Goalie/UIImage+Extensions.swift"; sourceTree = "<group>"; };
		F3D461B01C1144A1002F31A6 /* GoalieNavigationBar.swift */ = {isa = PBXFileReference; fileEncoding = 4; lastKnownFileType = sourcecode.swift; name = GoalieNavigationBar.swift; path = Goalie/GoalieNavigationBar.swift; sourceTree = "<group>"; };
		F3D461B31C115259002F31A6 /* MonthCollectionViewCell.swift */ = {isa = PBXFileReference; fileEncoding = 4; lastKnownFileType = sourcecode.swift; name = MonthCollectionViewCell.swift; path = Goalie/MonthCollectionViewCell.swift; sourceTree = "<group>"; };
		F3D461B41C115259002F31A6 /* MonthCollectionViewCell.xib */ = {isa = PBXFileReference; fileEncoding = 4; lastKnownFileType = file.xib; name = MonthCollectionViewCell.xib; path = Goalie/MonthCollectionViewCell.xib; sourceTree = "<group>"; };
		F3D461BB1C116ABD002F31A6 /* ThemeConstants.swift */ = {isa = PBXFileReference; fileEncoding = 4; lastKnownFileType = sourcecode.swift; name = ThemeConstants.swift; path = Goalie/ThemeConstants.swift; sourceTree = "<group>"; };
/* End PBXFileReference section */

/* Begin PBXFrameworksBuildPhase section */
		F3D461811C113221002F31A6 /* Frameworks */ = {
			isa = PBXFrameworksBuildPhase;
			buildActionMask = 2147483647;
			files = (
				F3536E221C127446003A114E /* Crashlytics.framework in Frameworks */,
				F3536E211C127446003A114E /* Fabric.framework in Frameworks */,
				F32C94001C1A036000103212 /* DZNEmptyDataSet.framework in Frameworks */,
				F3536E6F1C13A69F003A114E /* JVFloatLabeledText.framework in Frameworks */,
			);
			runOnlyForDeploymentPostprocessing = 0;
		};
		F3D461971C113221002F31A6 /* Frameworks */ = {
			isa = PBXFrameworksBuildPhase;
			buildActionMask = 2147483647;
			files = (
			);
			runOnlyForDeploymentPostprocessing = 0;
		};
/* End PBXFrameworksBuildPhase section */

/* Begin PBXGroup section */
		F31BAAC11C11F0690079C537 /* Core Data */ = {
			isa = PBXGroup;
			children = (
				F31BAAC21C11F09A0079C537 /* Goal.xcdatamodeld */,
				F31BAAC51C11F1A10079C537 /* Goal.swift */,
				F31BAAC71C11F1C80079C537 /* ManagedObject.swift */,
				F31BAAC91C11F2DF0079C537 /* CoreDataStack.swift */,
				F31BAACF1C11F5080079C537 /* DataRelatedProtocols.swift */,
				F3536E791C14FA8F003A114E /* ManagedObjectObserver.swift */,
				F3536E8D1C174443003A114E /* ParentGoalsFetchRequestProvider.swift */,
				F3536E8F1C1746B7003A114E /* ParentGoalsDataProvider.swift */,
			);
			name = "Core Data";
			sourceTree = "<group>";
		};
		F3536E1E1C12743D003A114E /* External Frameworks */ = {
			isa = PBXGroup;
			children = (
				F3536E6B1C13A57A003A114E /* Goalie-Bridging-Header.h */,
				F3536E511C139F2D003A114E /* TPKeyboardAvoiding */,
				F32C93FF1C1A036000103212 /* DZNEmptyDataSet.framework */,
				F3536E6E1C13A69F003A114E /* JVFloatLabeledText.framework */,
				F3536E1F1C127446003A114E /* Fabric.framework */,
				F3536E201C127446003A114E /* Crashlytics.framework */,
			);
			name = "External Frameworks";
			sourceTree = "<group>";
		};
		F3536E2A1C129831003A114E /* Generic Data Source & Delegate Files */ = {
			isa = PBXGroup;
			children = (
				F31BAAD31C1204020079C537 /* DataProvider.swift */,
				F31BAAD11C12002B0079C537 /* FetchedResultsDataProvider.swift */,
				F31BAAD51C1210B10079C537 /* TableViewDataSource.swift */,
				F31BAADD1C1224730079C537 /* TableViewDelegate.swift */,
				F3536E8B1C1652A9003A114E /* CollectionViewDataSource.swift */,
			);
			name = "Generic Data Source & Delegate Files";
			sourceTree = "<group>";
		};
		F3536E511C139F2D003A114E /* TPKeyboardAvoiding */ = {
			isa = PBXGroup;
			children = (
				F3536E5F1C13A56A003A114E /* TPKeyboardAvoidingCollectionView.h */,
				F3536E601C13A56A003A114E /* TPKeyboardAvoidingCollectionView.m */,
				F3536E611C13A56A003A114E /* TPKeyboardAvoidingScrollView.h */,
				F3536E621C13A56A003A114E /* TPKeyboardAvoidingScrollView.m */,
				F3536E631C13A56A003A114E /* TPKeyboardAvoidingTableView.h */,
				F3536E641C13A56A003A114E /* TPKeyboardAvoidingTableView.m */,
				F3536E651C13A56A003A114E /* UIScrollView+TPKeyboardAvoidingAdditions.h */,
				F3536E661C13A56A003A114E /* UIScrollView+TPKeyboardAvoidingAdditions.m */,
			);
			name = TPKeyboardAvoiding;
			sourceTree = "<group>";
		};
		F3536E7F1C161848003A114E /* Custom Cells */ = {
			isa = PBXGroup;
			children = (
				F31BAAD71C1213D40079C537 /* AllGoalsTableViewCell.swift */,
				F3D461B31C115259002F31A6 /* MonthCollectionViewCell.swift */,
				F3536E721C13BCA2003A114E /* SubgoalsTableViewCell.swift */,
				F386BC3B1C178D410099F39E /* MonthGoalsTableViewCell.swift */,
				F3493B991C18A4DF000A69C0 /* TodayTableViewCell.swift */,
				F3493B9D1C18A4F2000A69C0 /* TomorrowTableViewCell.swift */,
				F393249E1C1E6F78009A525A /* GoalieTableViewCell.swift */,
			);
			name = "Custom Cells";
			sourceTree = "<group>";
		};
		F3536E881C1637C0003A114E /* Enums */ = {
			isa = PBXGroup;
			children = (
				F3536E891C1637D3003A114E /* ProjectEnums.swift */,
			);
			name = Enums;
			sourceTree = "<group>";
		};
		F3D4617B1C113221002F31A6 = {
			isa = PBXGroup;
			children = (
				F3536E881C1637C0003A114E /* Enums */,
				F3536E7F1C161848003A114E /* Custom Cells */,
				F31BAAC11C11F0690079C537 /* Core Data */,
				F3D461AD1C113C57002F31A6 /* Extensions */,
				F3536E1E1C12743D003A114E /* External Frameworks */,
				F3536E2A1C129831003A114E /* Generic Data Source & Delegate Files */,
				F3D461861C113221002F31A6 /* View Controllers */,
				F3D4619D1C113221002F31A6 /* GoalieTests */,
				F3D461B71C115D4C002F31A6 /* Other */,
				F3D461851C113221002F31A6 /* Products */,
				F3D461B91C1168E2002F31A6 /* Subclasses */,
				F3D461BA1C116A9E002F31A6 /* Theme */,
				F3D461B81C115D67002F31A6 /* XIBs and Storyboards */,
			);
			sourceTree = "<group>";
		};
		F3D461851C113221002F31A6 /* Products */ = {
			isa = PBXGroup;
			children = (
				F3D461841C113221002F31A6 /* Goalie.app */,
				F3D4619A1C113221002F31A6 /* GoalieTests.xctest */,
			);
			name = Products;
			sourceTree = "<group>";
		};
		F3D461861C113221002F31A6 /* View Controllers */ = {
			isa = PBXGroup;
			children = (
				F3D461891C113221002F31A6 /* AllGoalsViewController.swift */,
				F31BAADF1C12415C0079C537 /* GoalDetailsViewController.swift */,
				F3D4618B1C113221002F31A6 /* MonthsGridViewController.swift */,
				F3D461A91C113698002F31A6 /* TodayTomorrowViewController.swift */,
				F3536E841C1619F5003A114E /* MonthSelectorViewController.swift */,
				F3536E911C176CC1003A114E /* MonthGoalsViewController.swift */,
				F386BC3F1C1790D60099F39E /* GoalPresenter.swift */,
				F3C84B7E1C18986300E7CD3B /* TodayViewController.swift */,
				F3C84B801C18987E00E7CD3B /* TomorrowViewController.swift */,
			);
			name = "View Controllers";
			path = Goalie;
			sourceTree = "<group>";
		};
		F3D4619D1C113221002F31A6 /* GoalieTests */ = {
			isa = PBXGroup;
			children = (
				F3D4619E1C113221002F31A6 /* GoalieTests.swift */,
				F3D461A01C113221002F31A6 /* Info.plist */,
			);
			path = GoalieTests;
			sourceTree = "<group>";
		};
		F3D461AD1C113C57002F31A6 /* Extensions */ = {
			isa = PBXGroup;
			children = (
				F3536E7D1C14FC9C003A114E /* Utilities.swift */,
				F3D461AE1C113C69002F31A6 /* UIImage+Extensions.swift */,
				F31BAACB1C11F32B0079C537 /* NSURL+Extensions.swift */,
				F31BAACD1C11F4650079C537 /* UINavigationBar+Extensions.swift */,
				F31BAADB1C121A2B0079C537 /* NSManagedObjectContext+Extensions.swift */,
				F3536E7B1C14FC63003A114E /* NSManagedObjectContext+Observers.swift */,
				F32C94021C1A061500103212 /* UITableView+Extensions.swift */,
				F32C94CA1C1A1BB600103212 /* UIStoryboard+Extensions.swift */,
			);
			name = Extensions;
			sourceTree = "<group>";
		};
		F3D461B71C115D4C002F31A6 /* Other */ = {
			isa = PBXGroup;
			children = (
				F3536E1B1C12520E003A114E /* Assets.xcassets */,
				F3D461871C113221002F31A6 /* AppDelegate.swift */,
				F3D461921C113221002F31A6 /* LaunchScreen.storyboard */,
				F3D461951C113221002F31A6 /* Info.plist */,
			);
			name = Other;
			sourceTree = "<group>";
		};
		F3D461B81C115D67002F31A6 /* XIBs and Storyboards */ = {
			isa = PBXGroup;
			children = (
				F3493B9E1C18A4F2000A69C0 /* TomorrowTableViewCell.xib */,
				F3493B9A1C18A4DF000A69C0 /* TodayTableViewCell.xib */,
				F31BAAD81C1213D40079C537 /* AllGoalsTableViewCell.xib */,
				F31BAAE01C12415C0079C537 /* GoalDetailsViewController.xib */,
				F3D4618D1C113221002F31A6 /* Main.storyboard */,
				F3D461B41C115259002F31A6 /* MonthCollectionViewCell.xib */,
				F386BC3C1C178D410099F39E /* MonthGoalsTableViewCell.xib */,
				F3536E731C13BCA2003A114E /* SubgoalsTableViewCell.xib */,
			);
			name = "XIBs and Storyboards";
			sourceTree = "<group>";
		};
		F3D461B91C1168E2002F31A6 /* Subclasses */ = {
			isa = PBXGroup;
			children = (
				F3D461AB1C113C39002F31A6 /* GoalieTabBarController.swift */,
				F3D461B01C1144A1002F31A6 /* GoalieNavigationBar.swift */,
				F3536E861C163491003A114E /* MonthSelectorMonthView.swift */,
			);
			name = Subclasses;
			sourceTree = "<group>";
		};
		F3D461BA1C116A9E002F31A6 /* Theme */ = {
			isa = PBXGroup;
			children = (
				F3D461BB1C116ABD002F31A6 /* ThemeConstants.swift */,
			);
			name = Theme;
			sourceTree = "<group>";
		};
/* End PBXGroup section */

/* Begin PBXNativeTarget section */
		F3D461831C113221002F31A6 /* Goalie */ = {
			isa = PBXNativeTarget;
			buildConfigurationList = F3D461A31C113221002F31A6 /* Build configuration list for PBXNativeTarget "Goalie" */;
			buildPhases = (
				F3D461801C113221002F31A6 /* Sources */,
				F3D461811C113221002F31A6 /* Frameworks */,
				F3D461821C113221002F31A6 /* Resources */,
				F3536E701C13A6C7003A114E /* CopyFiles */,
				F3536E781C14BA65003A114E /* ShellScript */,
			);
			buildRules = (
			);
			dependencies = (
			);
			name = Goalie;
			productName = Goalie;
			productReference = F3D461841C113221002F31A6 /* Goalie.app */;
			productType = "com.apple.product-type.application";
		};
		F3D461991C113221002F31A6 /* GoalieTests */ = {
			isa = PBXNativeTarget;
			buildConfigurationList = F3D461A61C113221002F31A6 /* Build configuration list for PBXNativeTarget "GoalieTests" */;
			buildPhases = (
				F3D461961C113221002F31A6 /* Sources */,
				F3D461971C113221002F31A6 /* Frameworks */,
				F3D461981C113221002F31A6 /* Resources */,
			);
			buildRules = (
			);
			dependencies = (
				F3D4619C1C113221002F31A6 /* PBXTargetDependency */,
			);
			name = GoalieTests;
			productName = GoalieTests;
			productReference = F3D4619A1C113221002F31A6 /* GoalieTests.xctest */;
			productType = "com.apple.product-type.bundle.unit-test";
		};
/* End PBXNativeTarget section */

/* Begin PBXProject section */
		F3D4617C1C113221002F31A6 /* Project object */ = {
			isa = PBXProject;
			attributes = {
				LastSwiftUpdateCheck = 0710;
				LastUpgradeCheck = 0710;
				ORGANIZATIONNAME = Incipia;
				TargetAttributes = {
					F3D461831C113221002F31A6 = {
						CreatedOnToolsVersion = 7.1.1;
						DevelopmentTeam = 49BYD5B64K;
					};
					F3D461991C113221002F31A6 = {
						CreatedOnToolsVersion = 7.1.1;
						TestTargetID = F3D461831C113221002F31A6;
					};
				};
			};
			buildConfigurationList = F3D4617F1C113221002F31A6 /* Build configuration list for PBXProject "Goalie" */;
			compatibilityVersion = "Xcode 3.2";
			developmentRegion = English;
			hasScannedForEncodings = 0;
			knownRegions = (
				en,
				Base,
			);
			mainGroup = F3D4617B1C113221002F31A6;
			productRefGroup = F3D461851C113221002F31A6 /* Products */;
			projectDirPath = "";
			projectRoot = "";
			targets = (
				F3D461831C113221002F31A6 /* Goalie */,
				F3D461991C113221002F31A6 /* GoalieTests */,
			);
		};
/* End PBXProject section */

/* Begin PBXResourcesBuildPhase section */
		F3D461821C113221002F31A6 /* Resources */ = {
			isa = PBXResourcesBuildPhase;
			buildActionMask = 2147483647;
			files = (
				F3493B9C1C18A4DF000A69C0 /* TodayTableViewCell.xib in Resources */,
				F3D461941C113221002F31A6 /* LaunchScreen.storyboard in Resources */,
				F3493BA01C18A4F2000A69C0 /* TomorrowTableViewCell.xib in Resources */,
				F3D461B61C115259002F31A6 /* MonthCollectionViewCell.xib in Resources */,
				F3D4618F1C113221002F31A6 /* Main.storyboard in Resources */,
				F386BC3E1C178D410099F39E /* MonthGoalsTableViewCell.xib in Resources */,
				F31BAAE21C12415C0079C537 /* GoalDetailsViewController.xib in Resources */,
				F3536E1C1C12520E003A114E /* Assets.xcassets in Resources */,
				F31BAADA1C1213D40079C537 /* AllGoalsTableViewCell.xib in Resources */,
				F3536E751C13BCA2003A114E /* SubgoalsTableViewCell.xib in Resources */,
			);
			runOnlyForDeploymentPostprocessing = 0;
		};
		F3D461981C113221002F31A6 /* Resources */ = {
			isa = PBXResourcesBuildPhase;
			buildActionMask = 2147483647;
			files = (
			);
			runOnlyForDeploymentPostprocessing = 0;
		};
/* End PBXResourcesBuildPhase section */

/* Begin PBXShellScriptBuildPhase section */
		F3536E781C14BA65003A114E /* ShellScript */ = {
			isa = PBXShellScriptBuildPhase;
			buildActionMask = 2147483647;
			files = (
			);
			inputPaths = (
			);
			outputPaths = (
			);
			runOnlyForDeploymentPostprocessing = 0;
			shellPath = /bin/sh;
			shellScript = "./Fabric.framework/run f8adb97359f3be505eb37f857a45751f47fd970d 407866616ca285468c6460521feef426e433f90b9fb69faf01009c146bb9da62";
		};
/* End PBXShellScriptBuildPhase section */

/* Begin PBXSourcesBuildPhase section */
		F3D461801C113221002F31A6 /* Sources */ = {
			isa = PBXSourcesBuildPhase;
			buildActionMask = 2147483647;
			files = (
				F32C94031C1A061500103212 /* UITableView+Extensions.swift in Sources */,
				F31BAAC81C11F1C80079C537 /* ManagedObject.swift in Sources */,
				F393249F1C1E6F78009A525A /* GoalieTableViewCell.swift in Sources */,
				F3D4618C1C113221002F31A6 /* MonthsGridViewController.swift in Sources */,
				F3C84B7F1C18986300E7CD3B /* TodayViewController.swift in Sources */,
				F31BAAE11C12415C0079C537 /* GoalDetailsViewController.swift in Sources */,
				F31BAACE1C11F4650079C537 /* UINavigationBar+Extensions.swift in Sources */,
				F3493B9B1C18A4DF000A69C0 /* TodayTableViewCell.swift in Sources */,
				F31BAACC1C11F32B0079C537 /* NSURL+Extensions.swift in Sources */,
				F3D461881C113221002F31A6 /* AppDelegate.swift in Sources */,
				F3536E671C13A56A003A114E /* TPKeyboardAvoidingCollectionView.m in Sources */,
				F31BAAD91C1213D40079C537 /* AllGoalsTableViewCell.swift in Sources */,
				F3D461BC1C116ABD002F31A6 /* ThemeConstants.swift in Sources */,
				F386BC401C1790D60099F39E /* GoalPresenter.swift in Sources */,
				F31BAAD61C1210B10079C537 /* TableViewDataSource.swift in Sources */,
				F32C94CB1C1A1BB600103212 /* UIStoryboard+Extensions.swift in Sources */,
				F3D461AC1C113C39002F31A6 /* GoalieTabBarController.swift in Sources */,
				F31BAAD41C1204020079C537 /* DataProvider.swift in Sources */,
				F31BAAC61C11F1A10079C537 /* Goal.swift in Sources */,
				F3536E901C1746B7003A114E /* ParentGoalsDataProvider.swift in Sources */,
				F3536E7A1C14FA8F003A114E /* ManagedObjectObserver.swift in Sources */,
				F31BAACA1C11F2DF0079C537 /* CoreDataStack.swift in Sources */,
				F3536E7C1C14FC63003A114E /* NSManagedObjectContext+Observers.swift in Sources */,
				F3C84B811C18987E00E7CD3B /* TomorrowViewController.swift in Sources */,
				F31BAAD21C12002B0079C537 /* FetchedResultsDataProvider.swift in Sources */,
				F3536E691C13A56A003A114E /* TPKeyboardAvoidingTableView.m in Sources */,
				F3D461AF1C113C69002F31A6 /* UIImage+Extensions.swift in Sources */,
				F31BAADE1C1224730079C537 /* TableViewDelegate.swift in Sources */,
				F3536E681C13A56A003A114E /* TPKeyboardAvoidingScrollView.m in Sources */,
				F3536E8A1C1637D3003A114E /* ProjectEnums.swift in Sources */,
				F3D461B11C1144A1002F31A6 /* GoalieNavigationBar.swift in Sources */,
				F3536E8E1C174443003A114E /* ParentGoalsFetchRequestProvider.swift in Sources */,
				F386BC3D1C178D410099F39E /* MonthGoalsTableViewCell.swift in Sources */,
				F3536E7E1C14FC9C003A114E /* Utilities.swift in Sources */,
				F31BAAD01C11F5080079C537 /* DataRelatedProtocols.swift in Sources */,
				F3D461B51C115259002F31A6 /* MonthCollectionViewCell.swift in Sources */,
				F3D4618A1C113221002F31A6 /* AllGoalsViewController.swift in Sources */,
				F3536E871C163491003A114E /* MonthSelectorMonthView.swift in Sources */,
				F31BAADC1C121A2B0079C537 /* NSManagedObjectContext+Extensions.swift in Sources */,
				F3536E6A1C13A56A003A114E /* UIScrollView+TPKeyboardAvoidingAdditions.m in Sources */,
				F3536E8C1C1652A9003A114E /* CollectionViewDataSource.swift in Sources */,
				F3536E921C176CC1003A114E /* MonthGoalsViewController.swift in Sources */,
				F31BAAC41C11F09A0079C537 /* Goal.xcdatamodeld in Sources */,
				F3D461AA1C113698002F31A6 /* TodayTomorrowViewController.swift in Sources */,
				F3536E741C13BCA2003A114E /* SubgoalsTableViewCell.swift in Sources */,
				F3493B9F1C18A4F2000A69C0 /* TomorrowTableViewCell.swift in Sources */,
				F3536E851C1619F5003A114E /* MonthSelectorViewController.swift in Sources */,
			);
			runOnlyForDeploymentPostprocessing = 0;
		};
		F3D461961C113221002F31A6 /* Sources */ = {
			isa = PBXSourcesBuildPhase;
			buildActionMask = 2147483647;
			files = (
				F3D4619F1C113221002F31A6 /* GoalieTests.swift in Sources */,
			);
			runOnlyForDeploymentPostprocessing = 0;
		};
/* End PBXSourcesBuildPhase section */

/* Begin PBXTargetDependency section */
		F3D4619C1C113221002F31A6 /* PBXTargetDependency */ = {
			isa = PBXTargetDependency;
			target = F3D461831C113221002F31A6 /* Goalie */;
			targetProxy = F3D4619B1C113221002F31A6 /* PBXContainerItemProxy */;
		};
/* End PBXTargetDependency section */

/* Begin PBXVariantGroup section */
		F3D4618D1C113221002F31A6 /* Main.storyboard */ = {
			isa = PBXVariantGroup;
			children = (
				F3D4618E1C113221002F31A6 /* Base */,
			);
			name = Main.storyboard;
			path = Goalie;
			sourceTree = "<group>";
		};
		F3D461921C113221002F31A6 /* LaunchScreen.storyboard */ = {
			isa = PBXVariantGroup;
			children = (
				F3D461931C113221002F31A6 /* Base */,
			);
			name = LaunchScreen.storyboard;
			path = Goalie;
			sourceTree = "<group>";
		};
/* End PBXVariantGroup section */

/* Begin XCBuildConfiguration section */
		F3D461A11C113221002F31A6 /* Debug */ = {
			isa = XCBuildConfiguration;
			buildSettings = {
				ALWAYS_SEARCH_USER_PATHS = NO;
				CLANG_CXX_LANGUAGE_STANDARD = "gnu++0x";
				CLANG_CXX_LIBRARY = "libc++";
				CLANG_ENABLE_MODULES = YES;
				CLANG_ENABLE_OBJC_ARC = YES;
				CLANG_WARN_BOOL_CONVERSION = YES;
				CLANG_WARN_CONSTANT_CONVERSION = YES;
				CLANG_WARN_DIRECT_OBJC_ISA_USAGE = YES_ERROR;
				CLANG_WARN_EMPTY_BODY = YES;
				CLANG_WARN_ENUM_CONVERSION = YES;
				CLANG_WARN_INT_CONVERSION = YES;
				CLANG_WARN_OBJC_ROOT_CLASS = YES_ERROR;
				CLANG_WARN_UNREACHABLE_CODE = YES;
				CLANG_WARN__DUPLICATE_METHOD_MATCH = YES;
				"CODE_SIGN_IDENTITY[sdk=iphoneos*]" = "iPhone Developer";
				COPY_PHASE_STRIP = NO;
				DEBUG_INFORMATION_FORMAT = dwarf;
				ENABLE_STRICT_OBJC_MSGSEND = YES;
				ENABLE_TESTABILITY = YES;
				GCC_C_LANGUAGE_STANDARD = gnu99;
				GCC_DYNAMIC_NO_PIC = NO;
				GCC_NO_COMMON_BLOCKS = YES;
				GCC_OPTIMIZATION_LEVEL = 0;
				GCC_PREPROCESSOR_DEFINITIONS = (
					"DEBUG=1",
					"$(inherited)",
				);
				GCC_WARN_64_TO_32_BIT_CONVERSION = YES;
				GCC_WARN_ABOUT_RETURN_TYPE = YES_ERROR;
				GCC_WARN_UNDECLARED_SELECTOR = YES;
				GCC_WARN_UNINITIALIZED_AUTOS = YES_AGGRESSIVE;
				GCC_WARN_UNUSED_FUNCTION = YES;
				GCC_WARN_UNUSED_VARIABLE = YES;
				IPHONEOS_DEPLOYMENT_TARGET = 9.1;
				MTL_ENABLE_DEBUG_INFO = YES;
				ONLY_ACTIVE_ARCH = YES;
				SDKROOT = iphoneos;
				SWIFT_OPTIMIZATION_LEVEL = "-Onone";
			};
			name = Debug;
		};
		F3D461A21C113221002F31A6 /* Release */ = {
			isa = XCBuildConfiguration;
			buildSettings = {
				ALWAYS_SEARCH_USER_PATHS = NO;
				CLANG_CXX_LANGUAGE_STANDARD = "gnu++0x";
				CLANG_CXX_LIBRARY = "libc++";
				CLANG_ENABLE_MODULES = YES;
				CLANG_ENABLE_OBJC_ARC = YES;
				CLANG_WARN_BOOL_CONVERSION = YES;
				CLANG_WARN_CONSTANT_CONVERSION = YES;
				CLANG_WARN_DIRECT_OBJC_ISA_USAGE = YES_ERROR;
				CLANG_WARN_EMPTY_BODY = YES;
				CLANG_WARN_ENUM_CONVERSION = YES;
				CLANG_WARN_INT_CONVERSION = YES;
				CLANG_WARN_OBJC_ROOT_CLASS = YES_ERROR;
				CLANG_WARN_UNREACHABLE_CODE = YES;
				CLANG_WARN__DUPLICATE_METHOD_MATCH = YES;
				"CODE_SIGN_IDENTITY[sdk=iphoneos*]" = "iPhone Developer";
				COPY_PHASE_STRIP = NO;
				DEBUG_INFORMATION_FORMAT = "dwarf-with-dsym";
				ENABLE_NS_ASSERTIONS = NO;
				ENABLE_STRICT_OBJC_MSGSEND = YES;
				GCC_C_LANGUAGE_STANDARD = gnu99;
				GCC_NO_COMMON_BLOCKS = YES;
				GCC_WARN_64_TO_32_BIT_CONVERSION = YES;
				GCC_WARN_ABOUT_RETURN_TYPE = YES_ERROR;
				GCC_WARN_UNDECLARED_SELECTOR = YES;
				GCC_WARN_UNINITIALIZED_AUTOS = YES_AGGRESSIVE;
				GCC_WARN_UNUSED_FUNCTION = YES;
				GCC_WARN_UNUSED_VARIABLE = YES;
				IPHONEOS_DEPLOYMENT_TARGET = 9.1;
				MTL_ENABLE_DEBUG_INFO = NO;
				SDKROOT = iphoneos;
				VALIDATE_PRODUCT = YES;
			};
			name = Release;
		};
		F3D461A41C113221002F31A6 /* Debug */ = {
			isa = XCBuildConfiguration;
			buildSettings = {
				ASSETCATALOG_COMPILER_APPICON_NAME = AppIcon;
				CLANG_ENABLE_MODULES = YES;
				CODE_SIGN_IDENTITY = "iPhone Developer";
				ENABLE_BITCODE = NO;
				FRAMEWORK_SEARCH_PATHS = (
					"$(inherited)",
					"$(PROJECT_DIR)",
					"$(PROJECT_DIR)/Carthage/Build/iOS",
				);
				INFOPLIST_FILE = Goalie/Info.plist;
				LD_RUNPATH_SEARCH_PATHS = "$(inherited) @executable_path/Frameworks";
				PRODUCT_BUNDLE_IDENTIFIER = com.incipia.Goalie;
				PRODUCT_NAME = "$(TARGET_NAME)";
				PROVISIONING_PROFILE = "ff9a1f18-cc7e-45e9-b186-fdcf5eee2d01";
				SWIFT_OBJC_BRIDGING_HEADER = "$(SRCROOT)/Goalie/Goalie-Bridging-Header.h";
				SWIFT_OPTIMIZATION_LEVEL = "-Onone";
			};
			name = Debug;
		};
		F3D461A51C113221002F31A6 /* Release */ = {
			isa = XCBuildConfiguration;
			buildSettings = {
				ASSETCATALOG_COMPILER_APPICON_NAME = AppIcon;
				CLANG_ENABLE_MODULES = YES;
				CODE_SIGN_IDENTITY = "iPhone Developer";
				ENABLE_BITCODE = NO;
				FRAMEWORK_SEARCH_PATHS = (
					"$(inherited)",
					"$(PROJECT_DIR)",
					"$(PROJECT_DIR)/Carthage/Build/iOS",
				);
				INFOPLIST_FILE = Goalie/Info.plist;
				LD_RUNPATH_SEARCH_PATHS = "$(inherited) @executable_path/Frameworks";
				PRODUCT_BUNDLE_IDENTIFIER = com.incipia.Goalie;
				PRODUCT_NAME = "$(TARGET_NAME)";
				PROVISIONING_PROFILE = "ff9a1f18-cc7e-45e9-b186-fdcf5eee2d01";
				SWIFT_OBJC_BRIDGING_HEADER = "$(SRCROOT)/Goalie/Goalie-Bridging-Header.h";
			};
			name = Release;
		};
		F3D461A71C113221002F31A6 /* Debug */ = {
			isa = XCBuildConfiguration;
			buildSettings = {
				BUNDLE_LOADER = "$(TEST_HOST)";
				INFOPLIST_FILE = GoalieTests/Info.plist;
				LD_RUNPATH_SEARCH_PATHS = "$(inherited) @executable_path/Frameworks @loader_path/Frameworks";
				PRODUCT_BUNDLE_IDENTIFIER = com.incipia.GoalieTests;
				PRODUCT_NAME = "$(TARGET_NAME)";
				TEST_HOST = "$(BUILT_PRODUCTS_DIR)/Goalie.app/Goalie";
			};
			name = Debug;
		};
		F3D461A81C113221002F31A6 /* Release */ = {
			isa = XCBuildConfiguration;
			buildSettings = {
				BUNDLE_LOADER = "$(TEST_HOST)";
				INFOPLIST_FILE = GoalieTests/Info.plist;
				LD_RUNPATH_SEARCH_PATHS = "$(inherited) @executable_path/Frameworks @loader_path/Frameworks";
				PRODUCT_BUNDLE_IDENTIFIER = com.incipia.GoalieTests;
				PRODUCT_NAME = "$(TARGET_NAME)";
				TEST_HOST = "$(BUILT_PRODUCTS_DIR)/Goalie.app/Goalie";
			};
			name = Release;
		};
/* End XCBuildConfiguration section */

/* Begin XCConfigurationList section */
		F3D4617F1C113221002F31A6 /* Build configuration list for PBXProject "Goalie" */ = {
			isa = XCConfigurationList;
			buildConfigurations = (
				F3D461A11C113221002F31A6 /* Debug */,
				F3D461A21C113221002F31A6 /* Release */,
			);
			defaultConfigurationIsVisible = 0;
			defaultConfigurationName = Release;
		};
		F3D461A31C113221002F31A6 /* Build configuration list for PBXNativeTarget "Goalie" */ = {
			isa = XCConfigurationList;
			buildConfigurations = (
				F3D461A41C113221002F31A6 /* Debug */,
				F3D461A51C113221002F31A6 /* Release */,
			);
			defaultConfigurationIsVisible = 0;
			defaultConfigurationName = Release;
		};
		F3D461A61C113221002F31A6 /* Build configuration list for PBXNativeTarget "GoalieTests" */ = {
			isa = XCConfigurationList;
			buildConfigurations = (
				F3D461A71C113221002F31A6 /* Debug */,
				F3D461A81C113221002F31A6 /* Release */,
			);
			defaultConfigurationIsVisible = 0;
			defaultConfigurationName = Release;
		};
/* End XCConfigurationList section */

/* Begin XCVersionGroup section */
		F31BAAC21C11F09A0079C537 /* Goal.xcdatamodeld */ = {
			isa = XCVersionGroup;
			children = (
				F31BAAC31C11F09A0079C537 /* Goal.xcdatamodel */,
			);
			currentVersion = F31BAAC31C11F09A0079C537 /* Goal.xcdatamodel */;
			name = Goal.xcdatamodeld;
			path = Goalie/Goal.xcdatamodeld;
			sourceTree = "<group>";
			versionGroupType = wrapper.xcdatamodel;
		};
/* End XCVersionGroup section */
	};
	rootObject = F3D4617C1C113221002F31A6 /* Project object */;
}
